
Microsoft Visual Studio Solution File, Format Version 12.00
# Visual Studio Version 16
VisualStudioVersion = 16.0.29911.84
MinimumVisualStudioVersion = 10.0.40219.1
Project("{FAE04EC0-301F-11D3-BF4B-00C04F79EFBC}") = "BattleBot", "BattleBot\BattleBot.csproj", "{30062A9B-E970-412E-A7C1-19C54FF8723E}"
EndProject
Project("{FAE04EC0-301F-11D3-BF4B-00C04F79EFBC}") = "BattleBotTest", "BattleBotTest\BattleBotTest.csproj", "{D8BF54ED-E5F9-441C-95A3-DBB690B5443D}"
EndProject
Global
	GlobalSection(SolutionConfigurationPlatforms) = preSolution
		Debug|Any CPU = Debug|Any CPU
		Release|Any CPU = Release|Any CPU
	EndGlobalSection
	GlobalSection(ProjectConfigurationPlatforms) = postSolution
		{30062A9B-E970-412E-A7C1-19C54FF8723E}.Debug|Any CPU.ActiveCfg = Debug|Any CPU
		{30062A9B-E970-412E-A7C1-19C54FF8723E}.Debug|Any CPU.Build.0 = Debug|Any CPU
		{30062A9B-E970-412E-A7C1-19C54FF8723E}.Release|Any CPU.ActiveCfg = Release|Any CPU
		{30062A9B-E970-412E-A7C1-19C54FF8723E}.Release|Any CPU.Build.0 = Release|Any CPU
		{D8BF54ED-E5F9-441C-95A3-DBB690B5443D}.Debug|Any CPU.ActiveCfg = Debug|Any CPU
		{D8BF54ED-E5F9-441C-95A3-DBB690B5443D}.Debug|Any CPU.Build.0 = Debug|Any CPU
		{D8BF54ED-E5F9-441C-95A3-DBB690B5443D}.Release|Any CPU.ActiveCfg = Release|Any CPU
		{D8BF54ED-E5F9-441C-95A3-DBB690B5443D}.Release|Any CPU.Build.0 = Release|Any CPU
	EndGlobalSection
	GlobalSection(SolutionProperties) = preSolution
		HideSolutionNode = FALSE
	EndGlobalSection
	GlobalSection(ExtensibilityGlobals) = postSolution
		SolutionGuid = {4CDBA5CA-01B3-4358-9B9B-DFF1AA6B5178}
	EndGlobalSection
EndGlobal
